
Microsoft Visual Studio Solution File, Format Version 12.00
# Visual Studio Version 17
VisualStudioVersion = 17.5.33502.453
MinimumVisualStudioVersion = 10.0.40219.1
Project("{9A19103F-16F7-4668-BE54-9A1E7A4F7556}") = "WebApi", "WebApi\WebApi.csproj", "{E59287F0-D744-43FF-B84A-EDE736415D3F}"
	ProjectSection(ProjectDependencies) = postProject
		{1A972FCE-6721-46C8-A347-ACA4955B4909} = {1A972FCE-6721-46C8-A347-ACA4955B4909}
	EndProjectSection
EndProject
Project("{9A19103F-16F7-4668-BE54-9A1E7A4F7556}") = "Application", "Application\Application.csproj", "{D759E0AC-AA71-4763-B723-3F554C1F7C0B}"
EndProject
Project("{9A19103F-16F7-4668-BE54-9A1E7A4F7556}") = "Domain", "Domain\Domain.csproj", "{8DEEA859-C33E-46FF-87A8-023FF17AFF2E}"
EndProject
Project("{9A19103F-16F7-4668-BE54-9A1E7A4F7556}") = "Infrastructure", "Infrastructure\Infrastructure.csproj", "{1A972FCE-6721-46C8-A347-ACA4955B4909}"
EndProject
Project("{9A19103F-16F7-4668-BE54-9A1E7A4F7556}") = "WebApi.Models", "WebApi.Models\WebApi.Models.csproj", "{7DBC5652-07B1-41B5-BD44-42263E1821AD}"
EndProject
Project("{2150E333-8FDC-42A3-9474-1A3956D46DE8}") = "1 - Presentation", "1 - Presentation", "{E5A91335-1B59-4A4D-BA04-BE41BE36B886}"
EndProject
Project("{2150E333-8FDC-42A3-9474-1A3956D46DE8}") = "2 - Application", "2 - Application", "{1F18ACA3-C07B-4B59-8DA0-72544F62762E}"
EndProject
Project("{2150E333-8FDC-42A3-9474-1A3956D46DE8}") = "3 - Domain", "3 - Domain", "{A3F64E95-1244-487A-A318-F22A76B08CE5}"
EndProject
Project("{2150E333-8FDC-42A3-9474-1A3956D46DE8}") = "4 - Infrastructure", "4 - Infrastructure", "{643F8AD9-3308-49BB-BAD5-F992951255FC}"
EndProject
Project("{2150E333-8FDC-42A3-9474-1A3956D46DE8}") = "0 - Solution Items", "0 - Solution Items", "{DB64CCEF-2751-4E14-B137-7FF997913BBE}"
	ProjectSection(SolutionItems) = preProject
		..\.editorconfig = ..\.editorconfig
		..\.gitignore = ..\.gitignore
		..\docker-compose.yaml = ..\docker-compose.yaml
	EndProjectSection
EndProject
Global
	GlobalSection(SolutionConfigurationPlatforms) = preSolution
		Debug|Any CPU = Debug|Any CPU
		Release|Any CPU = Release|Any CPU
	EndGlobalSection
	GlobalSection(ProjectConfigurationPlatforms) = postSolution
		{E59287F0-D744-43FF-B84A-EDE736415D3F}.Debug|Any CPU.ActiveCfg = Debug|Any CPU
		{E59287F0-D744-43FF-B84A-EDE736415D3F}.Debug|Any CPU.Build.0 = Debug|Any CPU
		{E59287F0-D744-43FF-B84A-EDE736415D3F}.Release|Any CPU.ActiveCfg = Release|Any CPU
		{E59287F0-D744-43FF-B84A-EDE736415D3F}.Release|Any CPU.Build.0 = Release|Any CPU
		{D759E0AC-AA71-4763-B723-3F554C1F7C0B}.Debug|Any CPU.ActiveCfg = Debug|Any CPU
		{D759E0AC-AA71-4763-B723-3F554C1F7C0B}.Debug|Any CPU.Build.0 = Debug|Any CPU
		{D759E0AC-AA71-4763-B723-3F554C1F7C0B}.Release|Any CPU.ActiveCfg = Release|Any CPU
		{D759E0AC-AA71-4763-B723-3F554C1F7C0B}.Release|Any CPU.Build.0 = Release|Any CPU
		{8DEEA859-C33E-46FF-87A8-023FF17AFF2E}.Debug|Any CPU.ActiveCfg = Debug|Any CPU
		{8DEEA859-C33E-46FF-87A8-023FF17AFF2E}.Debug|Any CPU.Build.0 = Debug|Any CPU
		{8DEEA859-C33E-46FF-87A8-023FF17AFF2E}.Release|Any CPU.ActiveCfg = Release|Any CPU
		{8DEEA859-C33E-46FF-87A8-023FF17AFF2E}.Release|Any CPU.Build.0 = Release|Any CPU
		{1A972FCE-6721-46C8-A347-ACA4955B4909}.Debug|Any CPU.ActiveCfg = Debug|Any CPU
		{1A972FCE-6721-46C8-A347-ACA4955B4909}.Debug|Any CPU.Build.0 = Debug|Any CPU
		{1A972FCE-6721-46C8-A347-ACA4955B4909}.Release|Any CPU.ActiveCfg = Release|Any CPU
		{1A972FCE-6721-46C8-A347-ACA4955B4909}.Release|Any CPU.Build.0 = Release|Any CPU
		{7DBC5652-07B1-41B5-BD44-42263E1821AD}.Debug|Any CPU.ActiveCfg = Debug|Any CPU
		{7DBC5652-07B1-41B5-BD44-42263E1821AD}.Debug|Any CPU.Build.0 = Debug|Any CPU
		{7DBC5652-07B1-41B5-BD44-42263E1821AD}.Release|Any CPU.ActiveCfg = Release|Any CPU
		{7DBC5652-07B1-41B5-BD44-42263E1821AD}.Release|Any CPU.Build.0 = Release|Any CPU
	EndGlobalSection
	GlobalSection(SolutionProperties) = preSolution
		HideSolutionNode = FALSE
	EndGlobalSection
	GlobalSection(NestedProjects) = preSolution
		{E59287F0-D744-43FF-B84A-EDE736415D3F} = {E5A91335-1B59-4A4D-BA04-BE41BE36B886}
		{D759E0AC-AA71-4763-B723-3F554C1F7C0B} = {1F18ACA3-C07B-4B59-8DA0-72544F62762E}
		{8DEEA859-C33E-46FF-87A8-023FF17AFF2E} = {A3F64E95-1244-487A-A318-F22A76B08CE5}
		{1A972FCE-6721-46C8-A347-ACA4955B4909} = {643F8AD9-3308-49BB-BAD5-F992951255FC}
		{7DBC5652-07B1-41B5-BD44-42263E1821AD} = {E5A91335-1B59-4A4D-BA04-BE41BE36B886}
	EndGlobalSection
	GlobalSection(ExtensibilityGlobals) = postSolution
		SolutionGuid = {47496827-A24B-4791-ADA3-2B47AE6884F2}
	EndGlobalSection
EndGlobal
